
Microsoft Visual Studio Solution File, Format Version 12.00
# Visual Studio Version 17
VisualStudioVersion = 17.14.36408.4 d17.14
MinimumVisualStudioVersion = 10.0.40219.1
Project("{FAE04EC0-301F-11D3-BF4B-00C04F79EFBC}") = "ContactBook", "ContactBook\ContactBook.csproj", "{01953962-2F1E-4C3F-B960-B89E441F0C32}"
EndProject
Global
	GlobalSection(SolutionConfigurationPlatforms) = preSolution
		Debug|Any CPU = Debug|Any CPU
		Release|Any CPU = Release|Any CPU
	EndGlobalSection
	GlobalSection(ProjectConfigurationPlatforms) = postSolution
		{01953962-2F1E-4C3F-B960-B89E441F0C32}.Debug|Any CPU.ActiveCfg = Debug|Any CPU
		{01953962-2F1E-4C3F-B960-B89E441F0C32}.Debug|Any CPU.Build.0 = Debug|Any CPU
		{01953962-2F1E-4C3F-B960-B89E441F0C32}.Release|Any CPU.ActiveCfg = Release|Any CPU
		{01953962-2F1E-4C3F-B960-B89E441F0C32}.Release|Any CPU.Build.0 = Release|Any CPU
	EndGlobalSection
	GlobalSection(SolutionProperties) = preSolution
		HideSolutionNode = FALSE
	EndGlobalSection
	GlobalSection(ExtensibilityGlobals) = postSolution
		SolutionGuid = {894E5CC3-74E2-4722-A139-14502D70E611}
	EndGlobalSection
EndGlobal
